
Microsoft Visual Studio Solution File, Format Version 12.00
# Visual Studio Version 16
VisualStudioVersion = 16.0.31702.278
MinimumVisualStudioVersion = 10.0.40219.1
Project("{FAE04EC0-301F-11D3-BF4B-00C04F79EFBC}") = "Kursach", "Kursach\Kursach.csproj", "{00F393D7-0BDB-490A-A482-E5141AF1F835}"
EndProject
Project("{FAE04EC0-301F-11D3-BF4B-00C04F79EFBC}") = "JohnBoutLibrary", "JohnBoutLibrary\JohnBoutLibrary.csproj", "{D4C5FDE1-4A59-494C-88E8-C329C8970BDE}"
EndProject
Global
	GlobalSection(SolutionConfigurationPlatforms) = preSolution
		Debug|Any CPU = Debug|Any CPU
		Release|Any CPU = Release|Any CPU
	EndGlobalSection
	GlobalSection(ProjectConfigurationPlatforms) = postSolution
		{00F393D7-0BDB-490A-A482-E5141AF1F835}.Debug|Any CPU.ActiveCfg = Debug|Any CPU
		{00F393D7-0BDB-490A-A482-E5141AF1F835}.Debug|Any CPU.Build.0 = Debug|Any CPU
		{00F393D7-0BDB-490A-A482-E5141AF1F835}.Release|Any CPU.ActiveCfg = Release|Any CPU
		{00F393D7-0BDB-490A-A482-E5141AF1F835}.Release|Any CPU.Build.0 = Release|Any CPU
		{D4C5FDE1-4A59-494C-88E8-C329C8970BDE}.Debug|Any CPU.ActiveCfg = Debug|Any CPU
		{D4C5FDE1-4A59-494C-88E8-C329C8970BDE}.Debug|Any CPU.Build.0 = Debug|Any CPU
		{D4C5FDE1-4A59-494C-88E8-C329C8970BDE}.Release|Any CPU.ActiveCfg = Release|Any CPU
		{D4C5FDE1-4A59-494C-88E8-C329C8970BDE}.Release|Any CPU.Build.0 = Release|Any CPU
	EndGlobalSection
	GlobalSection(SolutionProperties) = preSolution
		HideSolutionNode = FALSE
	EndGlobalSection
	GlobalSection(ExtensibilityGlobals) = postSolution
		SolutionGuid = {0AD882F9-160D-450D-808A-9623F15FB726}
	EndGlobalSection
EndGlobal
